
Microsoft Visual Studio Solution File, Format Version 12.00
# Visual Studio 15
VisualStudioVersion = 15.0.28307.271
MinimumVisualStudioVersion = 10.0.40219.1
Project("{888888A0-9F3D-457C-B088-3A5042F75D52}") = "ФинКост_2", "ФинКост_2\ФинКост_2.pyproj", "{3230EBA9-E08B-40D4-95EB-BB708454BA77}"
EndProject
Global
	GlobalSection(SolutionConfigurationPlatforms) = preSolution
		Debug|Any CPU = Debug|Any CPU
		Release|Any CPU = Release|Any CPU
	EndGlobalSection
	GlobalSection(ProjectConfigurationPlatforms) = postSolution
		{3230EBA9-E08B-40D4-95EB-BB708454BA77}.Debug|Any CPU.ActiveCfg = Debug|Any CPU
		{3230EBA9-E08B-40D4-95EB-BB708454BA77}.Release|Any CPU.ActiveCfg = Release|Any CPU
	EndGlobalSection
	GlobalSection(SolutionProperties) = preSolution
		HideSolutionNode = FALSE
	EndGlobalSection
	GlobalSection(ExtensibilityGlobals) = postSolution
		SolutionGuid = {D1D666C5-09DA-4B2F-A81D-41E1D5603A52}
	EndGlobalSection
EndGlobal
